
Microsoft Visual Studio Solution File, Format Version 12.00
# Visual Studio Version 17
VisualStudioVersion = 17.0.32126.317
MinimumVisualStudioVersion = 10.0.40219.1
Project("{FAE04EC0-301F-11D3-BF4B-00C04F79EFBC}") = "BankingCashCounterProblem", "BankingCashCounterProblem.csproj", "{0941ABCE-37BF-4541-A140-C6AC745E3C2B}"
EndProject
Global
	GlobalSection(SolutionConfigurationPlatforms) = preSolution
		Debug|Any CPU = Debug|Any CPU
		Release|Any CPU = Release|Any CPU
	EndGlobalSection
	GlobalSection(ProjectConfigurationPlatforms) = postSolution
		{0941ABCE-37BF-4541-A140-C6AC745E3C2B}.Debug|Any CPU.ActiveCfg = Debug|Any CPU
		{0941ABCE-37BF-4541-A140-C6AC745E3C2B}.Debug|Any CPU.Build.0 = Debug|Any CPU
		{0941ABCE-37BF-4541-A140-C6AC745E3C2B}.Release|Any CPU.ActiveCfg = Release|Any CPU
		{0941ABCE-37BF-4541-A140-C6AC745E3C2B}.Release|Any CPU.Build.0 = Release|Any CPU
	EndGlobalSection
	GlobalSection(SolutionProperties) = preSolution
		HideSolutionNode = FALSE
	EndGlobalSection
	GlobalSection(ExtensibilityGlobals) = postSolution
		SolutionGuid = {0A32E573-EE04-47BE-B69B-BF4CC3E70094}
	EndGlobalSection
EndGlobal
